
Microsoft Visual Studio Solution File, Format Version 12.00
# Visual Studio Version 17
VisualStudioVersion = 17.6.33801.468
MinimumVisualStudioVersion = 10.0.40219.1
Project("{FAE04EC0-301F-11D3-BF4B-00C04F79EFBC}") = "AccesoDatos", "AccesoDatos\AccesoDatos.csproj", "{6A46AC2E-2CC2-4609-9EE3-F0459DD2933A}"
EndProject
Project("{FAE04EC0-301F-11D3-BF4B-00C04F79EFBC}") = "Dominio", "Dominio\Dominio.csproj", "{84B9D28A-A865-43B2-BB6F-4614298F2E0D}"
EndProject
Project("{FAE04EC0-301F-11D3-BF4B-00C04F79EFBC}") = "Presentacion", "Presentacion\Presentacion.csproj", "{94EFD825-8310-484F-8DB3-B4E37647440D}"
EndProject
Global
	GlobalSection(SolutionConfigurationPlatforms) = preSolution
		Debug|Any CPU = Debug|Any CPU
		Release|Any CPU = Release|Any CPU
	EndGlobalSection
	GlobalSection(ProjectConfigurationPlatforms) = postSolution
		{6A46AC2E-2CC2-4609-9EE3-F0459DD2933A}.Debug|Any CPU.ActiveCfg = Debug|Any CPU
		{6A46AC2E-2CC2-4609-9EE3-F0459DD2933A}.Debug|Any CPU.Build.0 = Debug|Any CPU
		{6A46AC2E-2CC2-4609-9EE3-F0459DD2933A}.Release|Any CPU.ActiveCfg = Release|Any CPU
		{6A46AC2E-2CC2-4609-9EE3-F0459DD2933A}.Release|Any CPU.Build.0 = Release|Any CPU
		{84B9D28A-A865-43B2-BB6F-4614298F2E0D}.Debug|Any CPU.ActiveCfg = Debug|Any CPU
		{84B9D28A-A865-43B2-BB6F-4614298F2E0D}.Debug|Any CPU.Build.0 = Debug|Any CPU
		{84B9D28A-A865-43B2-BB6F-4614298F2E0D}.Release|Any CPU.ActiveCfg = Release|Any CPU
		{84B9D28A-A865-43B2-BB6F-4614298F2E0D}.Release|Any CPU.Build.0 = Release|Any CPU
		{94EFD825-8310-484F-8DB3-B4E37647440D}.Debug|Any CPU.ActiveCfg = Debug|Any CPU
		{94EFD825-8310-484F-8DB3-B4E37647440D}.Debug|Any CPU.Build.0 = Debug|Any CPU
		{94EFD825-8310-484F-8DB3-B4E37647440D}.Release|Any CPU.ActiveCfg = Release|Any CPU
		{94EFD825-8310-484F-8DB3-B4E37647440D}.Release|Any CPU.Build.0 = Release|Any CPU
	EndGlobalSection
	GlobalSection(SolutionProperties) = preSolution
		HideSolutionNode = FALSE
	EndGlobalSection
	GlobalSection(ExtensibilityGlobals) = postSolution
		SolutionGuid = {107D756F-0FF2-4B65-BA6B-16EF565DD71D}
	EndGlobalSection
EndGlobal
